
Microsoft Visual Studio Solution File, Format Version 12.00
# Visual Studio Version 17
VisualStudioVersion = 17.11.35222.181
MinimumVisualStudioVersion = 10.0.40219.1
Project("{FAE04EC0-301F-11D3-BF4B-00C04F79EFBC}") = "Ejercicio2-ArreglosyListas", "Ejercicio2-ArreglosyListas\Ejercicio2-ArreglosyListas.csproj", "{4E185CE3-D991-4110-BBD2-0819F5E12F94}"
EndProject
Global
	GlobalSection(SolutionConfigurationPlatforms) = preSolution
		Debug|Any CPU = Debug|Any CPU
		Release|Any CPU = Release|Any CPU
	EndGlobalSection
	GlobalSection(ProjectConfigurationPlatforms) = postSolution
		{4E185CE3-D991-4110-BBD2-0819F5E12F94}.Debug|Any CPU.ActiveCfg = Debug|Any CPU
		{4E185CE3-D991-4110-BBD2-0819F5E12F94}.Debug|Any CPU.Build.0 = Debug|Any CPU
		{4E185CE3-D991-4110-BBD2-0819F5E12F94}.Release|Any CPU.ActiveCfg = Release|Any CPU
		{4E185CE3-D991-4110-BBD2-0819F5E12F94}.Release|Any CPU.Build.0 = Release|Any CPU
	EndGlobalSection
	GlobalSection(SolutionProperties) = preSolution
		HideSolutionNode = FALSE
	EndGlobalSection
	GlobalSection(ExtensibilityGlobals) = postSolution
		SolutionGuid = {E4D2B880-0B27-45CE-9E49-1E7D6136E416}
	EndGlobalSection
EndGlobal
